// !$*UTF8*$!
{
	archiveVersion = 1;
	classes = {
	};
	objectVersion = 50;
	objects = {

/* Begin PBXBuildFile section */
		C794F40F261784BA00EC3C94 /* RandomNamePickerApp.swift in Sources */ = {isa = PBXBuildFile; fileRef = C794F40E261784BA00EC3C94 /* RandomNamePickerApp.swift */; };
		C794F411261784BA00EC3C94 /* ContentView.swift in Sources */ = {isa = PBXBuildFile; fileRef = C794F410261784BA00EC3C94 /* ContentView.swift */; };
		C794F413261784BB00EC3C94 /* Assets.xcassets in Resources */ = {isa = PBXBuildFile; fileRef = C794F412261784BB00EC3C94 /* Assets.xcassets */; };
		C794F416261784BB00EC3C94 /* Preview Assets.xcassets in Resources */ = {isa = PBXBuildFile; fileRef = C794F415261784BB00EC3C94 /* Preview Assets.xcassets */; };
		C794F42526179FB000EC3C94 /* NamesList.swift in Sources */ = {isa = PBXBuildFile; fileRef = C794F42426179FB000EC3C94 /* NamesList.swift */; };
/* End PBXBuildFile section */

/* Begin PBXFileReference section */
		C794F40B261784BA00EC3C94 /* RandomNamePicker.app */ = {isa = PBXFileReference; explicitFileType = wrapper.application; includeInIndex = 0; path = RandomNamePicker.app; sourceTree = BUILT_PRODUCTS_DIR; };
		C794F40E261784BA00EC3C94 /* RandomNamePickerApp.swift */ = {isa = PBXFileReference; lastKnownFileType = sourcecode.swift; path = RandomNamePickerApp.swift; sourceTree = "<group>"; };
		C794F410261784BA00EC3C94 /* ContentView.swift */ = {isa = PBXFileReference; lastKnownFileType = sourcecode.swift; path = ContentView.swift; sourceTree = "<group>"; };
		C794F412261784BB00EC3C94 /* Assets.xcassets */ = {isa = PBXFileReference; lastKnownFileType = folder.assetcatalog; path = Assets.xcassets; sourceTree = "<group>"; };
		C794F415261784BB00EC3C94 /* Preview Assets.xcassets */ = {isa = PBXFileReference; lastKnownFileType = folder.assetcatalog; path = "Preview Assets.xcassets"; sourceTree = "<group>"; };
		C794F417261784BB00EC3C94 /* Info.plist */ = {isa = PBXFileReference; lastKnownFileType = text.plist.xml; path = Info.plist; sourceTree = "<group>"; };
		C794F42426179FB000EC3C94 /* NamesList.swift */ = {isa = PBXFileReference; lastKnownFileType = sourcecode.swift; path = NamesList.swift; sourceTree = "<group>"; };
/* End PBXFileReference section */

/* Begin PBXFrameworksBuildPhase section */
		C794F408261784BA00EC3C94 /* Frameworks */ = {
			isa = PBXFrameworksBuildPhase;
			buildActionMask = 2147483647;
			files = (
			);
			runOnlyForDeploymentPostprocessing = 0;
		};
/* End PBXFrameworksBuildPhase section */

/* Begin PBXGroup section */
		C794F402261784BA00EC3C94 = {
			isa = PBXGroup;
			children = (
				C794F40D261784BA00EC3C94 /* RandomNamePicker */,
				C794F40C261784BA00EC3C94 /* Products */,
			);
			sourceTree = "<group>";
		};
		C794F40C261784BA00EC3C94 /* Products */ = {
			isa = PBXGroup;
			children = (
				C794F40B261784BA00EC3C94 /* RandomNamePicker.app */,
			);
			name = Products;
			sourceTree = "<group>";
		};
		C794F40D261784BA00EC3C94 /* RandomNamePicker */ = {
			isa = PBXGroup;
			children = (
				C794F40E261784BA00EC3C94 /* RandomNamePickerApp.swift */,
				C794F410261784BA00EC3C94 /* ContentView.swift */,
				C794F42426179FB000EC3C94 /* NamesList.swift */,
				C794F412261784BB00EC3C94 /* Assets.xcassets */,
				C794F417261784BB00EC3C94 /* Info.plist */,
				C794F414261784BB00EC3C94 /* Preview Content */,
			);
			path = RandomNamePicker;
			sourceTree = "<group>";
		};
		C794F414261784BB00EC3C94 /* Preview Content */ = {
			isa = PBXGroup;
			children = (
				C794F415261784BB00EC3C94 /* Preview Assets.xcassets */,
			);
			path = "Preview Content";
			sourceTree = "<group>";
		};
/* End PBXGroup section */

/* Begin PBXNativeTarget section */
		C794F40A261784BA00EC3C94 /* RandomNamePicker */ = {
			isa = PBXNativeTarget;
			buildConfigurationList = C794F41A261784BB00EC3C94 /* Build configuration list for PBXNativeTarget "RandomNamePicker" */;
			buildPhases = (
				C794F407261784BA00EC3C94 /* Sources */,
				C794F408261784BA00EC3C94 /* Frameworks */,
				C794F409261784BA00EC3C94 /* Resources */,
			);
			buildRules = (
			);
			dependencies = (
			);
			name = RandomNamePicker;
			productName = RandomNamePicker;
			productReference = C794F40B261784BA00EC3C94 /* RandomNamePicker.app */;
			productType = "com.apple.product-type.application";
		};
/* End PBXNativeTarget section */

/* Begin PBXProject section */
		C794F403261784BA00EC3C94 /* Project object */ = {
			isa = PBXProject;
			attributes = {
				LastSwiftUpdateCheck = 1240;
				LastUpgradeCheck = 1240;
				TargetAttributes = {
					C794F40A261784BA00EC3C94 = {
						CreatedOnToolsVersion = 12.4;
					};
				};
			};
			buildConfigurationList = C794F406261784BA00EC3C94 /* Build configuration list for PBXProject "RandomNamePicker" */;
			compatibilityVersion = "Xcode 9.3";
			developmentRegion = en;
			hasScannedForEncodings = 0;
			knownRegions = (
				en,
				Base,
			);
			mainGroup = C794F402261784BA00EC3C94;
			productRefGroup = C794F40C261784BA00EC3C94 /* Products */;
			projectDirPath = "";
			projectRoot = "";
			targets = (
				C794F40A261784BA00EC3C94 /* RandomNamePicker */,
			);
		};
/* End PBXProject section */

/* Begin PBXResourcesBuildPhase section */
		C794F409261784BA00EC3C94 /* Resources */ = {
			isa = PBXResourcesBuildPhase;
			buildActionMask = 2147483647;
			files = (
				C794F416261784BB00EC3C94 /* Preview Assets.xcassets in Resources */,
				C794F413261784BB00EC3C94 /* Assets.xcassets in Resources */,
			);
			runOnlyForDeploymentPostprocessing = 0;
		};
/* End PBXResourcesBuildPhase section */

/* Begin PBXSourcesBuildPhase section */
		C794F407261784BA00EC3C94 /* Sources */ = {
			isa = PBXSourcesBuildPhase;
			buildActionMask = 2147483647;
			files = (
				C794F42526179FB000EC3C94 /* NamesList.swift in Sources */,
				C794F411261784BA00EC3C94 /* ContentView.swift in Sources */,
				C794F40F261784BA00EC3C94 /* RandomNamePickerApp.swift in Sources */,
			);
			runOnlyForDeploymentPostprocessing = 0;
		};
/* End PBXSourcesBuildPhase section */

/* Begin XCBuildConfiguration section */
		C794F418261784BB00EC3C94 /* Debug */ = {
			isa = XCBuildConfiguration;
			buildSettings = {
				ALWAYS_SEARCH_USER_PATHS = NO;
				CLANG_ANALYZER_NONNULL = YES;
				CLANG_ANALYZER_NUMBER_OBJECT_CONVERSION = YES_AGGRESSIVE;
				CLANG_CXX_LANGUAGE_STANDARD = "gnu++14";
				CLANG_CXX_LIBRARY = "libc++";
				CLANG_ENABLE_MODULES = YES;
				CLANG_ENABLE_OBJC_ARC = YES;
				CLANG_ENABLE_OBJC_WEAK = YES;
				CLANG_WARN_BLOCK_CAPTURE_AUTORELEASING = YES;
				CLANG_WARN_BOOL_CONVERSION = YES;
				CLANG_WARN_COMMA = YES;
				CLANG_WARN_CONSTANT_CONVERSION = YES;
				CLANG_WARN_DEPRECATED_OBJC_IMPLEMENTATIONS = YES;
				CLANG_WARN_DIRECT_OBJC_ISA_USAGE = YES_ERROR;
				CLANG_WARN_DOCUMENTATION_COMMENTS = YES;
				CLANG_WARN_EMPTY_BODY = YES;
				CLANG_WARN_ENUM_CONVERSION = YES;
				CLANG_WARN_INFINITE_RECURSION = YES;
				CLANG_WARN_INT_CONVERSION = YES;
				CLANG_WARN_NON_LITERAL_NULL_CONVERSION = YES;
				CLANG_WARN_OBJC_IMPLICIT_RETAIN_SELF = YES;
				CLANG_WARN_OBJC_LITERAL_CONVERSION = YES;
				CLANG_WARN_OBJC_ROOT_CLASS = YES_ERROR;
				CLANG_WARN_QUOTED_INCLUDE_IN_FRAMEWORK_HEADER = YES;
				CLANG_WARN_RANGE_LOOP_ANALYSIS = YES;
				CLANG_WARN_STRICT_PROTOTYPES = YES;
				CLANG_WARN_SUSPICIOUS_MOVE = YES;
				CLANG_WARN_UNGUARDED_AVAILABILITY = YES_AGGRESSIVE;
				CLANG_WARN_UNREACHABLE_CODE = YES;
				CLANG_WARN__DUPLICATE_METHOD_MATCH = YES;
				COPY_PHASE_STRIP = NO;
				DEBUG_INFORMATION_FORMAT = dwarf;
				ENABLE_STRICT_OBJC_MSGSEND = YES;
				ENABLE_TESTABILITY = YES;
				GCC_C_LANGUAGE_STANDARD = gnu11;
				GCC_DYNAMIC_NO_PIC = NO;
				GCC_NO_COMMON_BLOCKS = YES;
				GCC_OPTIMIZATION_LEVEL = 0;
				GCC_PREPROCESSOR_DEFINITIONS = (
					"DEBUG=1",
					"$(inherited)",
				);
				GCC_WARN_64_TO_32_BIT_CONVERSION = YES;
				GCC_WARN_ABOUT_RETURN_TYPE = YES_ERROR;
				GCC_WARN_UNDECLARED_SELECTOR = YES;
				GCC_WARN_UNINITIALIZED_AUTOS = YES_AGGRESSIVE;
				GCC_WARN_UNUSED_FUNCTION = YES;
				GCC_WARN_UNUSED_VARIABLE = YES;
				IPHONEOS_DEPLOYMENT_TARGET = 14.4;
				MTL_ENABLE_DEBUG_INFO = INCLUDE_SOURCE;
				MTL_FAST_MATH = YES;
				ONLY_ACTIVE_ARCH = YES;
				SDKROOT = iphoneos;
				SWIFT_ACTIVE_COMPILATION_CONDITIONS = DEBUG;
				SWIFT_OPTIMIZATION_LEVEL = "-Onone";
			};
			name = Debug;
		};
		C794F419261784BB00EC3C94 /* Release */ = {
			isa = XCBuildConfiguration;
			buildSettings = {
				ALWAYS_SEARCH_USER_PATHS = NO;
				CLANG_ANALYZER_NONNULL = YES;
				CLANG_ANALYZER_NUMBER_OBJECT_CONVERSION = YES_AGGRESSIVE;
				CLANG_CXX_LANGUAGE_STANDARD = "gnu++14";
				CLANG_CXX_LIBRARY = "libc++";
				CLANG_ENABLE_MODULES = YES;
				CLANG_ENABLE_OBJC_ARC = YES;
				CLANG_ENABLE_OBJC_WEAK = YES;
				CLANG_WARN_BLOCK_CAPTURE_AUTORELEASING = YES;
				CLANG_WARN_BOOL_CONVERSION = YES;
				CLANG_WARN_COMMA = YES;
				CLANG_WARN_CONSTANT_CONVERSION = YES;
				CLANG_WARN_DEPRECATED_OBJC_IMPLEMENTATIONS = YES;
				CLANG_WARN_DIRECT_OBJC_ISA_USAGE = YES_ERROR;
				CLANG_WARN_DOCUMENTATION_COMMENTS = YES;
				CLANG_WARN_EMPTY_BODY = YES;
				CLANG_WARN_ENUM_CONVERSION = YES;
				CLANG_WARN_INFINITE_RECURSION = YES;
				CLANG_WARN_INT_CONVERSION = YES;
				CLANG_WARN_NON_LITERAL_NULL_CONVERSION = YES;
				CLANG_WARN_OBJC_IMPLICIT_RETAIN_SELF = YES;
				CLANG_WARN_OBJC_LITERAL_CONVERSION = YES;
				CLANG_WARN_OBJC_ROOT_CLASS = YES_ERROR;
				CLANG_WARN_QUOTED_INCLUDE_IN_FRAMEWORK_HEADER = YES;
				CLANG_WARN_RANGE_LOOP_ANALYSIS = YES;
				CLANG_WARN_STRICT_PROTOTYPES = YES;
				CLANG_WARN_SUSPICIOUS_MOVE = YES;
				CLANG_WARN_UNGUARDED_AVAILABILITY = YES_AGGRESSIVE;
				CLANG_WARN_UNREACHABLE_CODE = YES;
				CLANG_WARN__DUPLICATE_METHOD_MATCH = YES;
				COPY_PHASE_STRIP = NO;
				DEBUG_INFORMATION_FORMAT = "dwarf-with-dsym";
				ENABLE_NS_ASSERTIONS = NO;
				ENABLE_STRICT_OBJC_MSGSEND = YES;
				GCC_C_LANGUAGE_STANDARD = gnu11;
				GCC_NO_COMMON_BLOCKS = YES;
				GCC_WARN_64_TO_32_BIT_CONVERSION = YES;
				GCC_WARN_ABOUT_RETURN_TYPE = YES_ERROR;
				GCC_WARN_UNDECLARED_SELECTOR = YES;
				GCC_WARN_UNINITIALIZED_AUTOS = YES_AGGRESSIVE;
				GCC_WARN_UNUSED_FUNCTION = YES;
				GCC_WARN_UNUSED_VARIABLE = YES;
				IPHONEOS_DEPLOYMENT_TARGET = 14.4;
				MTL_ENABLE_DEBUG_INFO = NO;
				MTL_FAST_MATH = YES;
				SDKROOT = iphoneos;
				SWIFT_COMPILATION_MODE = wholemodule;
				SWIFT_OPTIMIZATION_LEVEL = "-O";
				VALIDATE_PRODUCT = YES;
			};
			name = Release;
		};
		C794F41B261784BB00EC3C94 /* Debug */ = {
			isa = XCBuildConfiguration;
			buildSettings = {
				ASSETCATALOG_COMPILER_APPICON_NAME = AppIcon;
				ASSETCATALOG_COMPILER_GLOBAL_ACCENT_COLOR_NAME = AccentColor;
				CODE_SIGN_STYLE = Automatic;
				DEVELOPMENT_ASSET_PATHS = "\"RandomNamePicker/Preview Content\"";
				DEVELOPMENT_TEAM = KY6DPH5Y6J;
				ENABLE_PREVIEWS = YES;
				INFOPLIST_FILE = RandomNamePicker/Info.plist;
				IPHONEOS_DEPLOYMENT_TARGET = 14.0;
				LD_RUNPATH_SEARCH_PATHS = (
					"$(inherited)",
					"@executable_path/Frameworks",
				);
				PRODUCT_BUNDLE_IDENTIFIER = com.kevinGreen.RandomNamePicker;
				PRODUCT_NAME = "$(TARGET_NAME)";
				SWIFT_VERSION = 5.0;
				TARGETED_DEVICE_FAMILY = "1,2";
			};
			name = Debug;
		};
		C794F41C261784BB00EC3C94 /* Release */ = {
			isa = XCBuildConfiguration;
			buildSettings = {
				ASSETCATALOG_COMPILER_APPICON_NAME = AppIcon;
				ASSETCATALOG_COMPILER_GLOBAL_ACCENT_COLOR_NAME = AccentColor;
				CODE_SIGN_STYLE = Automatic;
				DEVELOPMENT_ASSET_PATHS = "\"RandomNamePicker/Preview Content\"";
				DEVELOPMENT_TEAM = KY6DPH5Y6J;
				ENABLE_PREVIEWS = YES;
				INFOPLIST_FILE = RandomNamePicker/Info.plist;
				IPHONEOS_DEPLOYMENT_TARGET = 14.0;
				LD_RUNPATH_SEARCH_PATHS = (
					"$(inherited)",
					"@executable_path/Frameworks",
				);
				PRODUCT_BUNDLE_IDENTIFIER = com.kevinGreen.RandomNamePicker;
				PRODUCT_NAME = "$(TARGET_NAME)";
				SWIFT_VERSION = 5.0;
				TARGETED_DEVICE_FAMILY = "1,2";
			};
			name = Release;
		};
/* End XCBuildConfiguration section */

/* Begin XCConfigurationList section */
		C794F406261784BA00EC3C94 /* Build configuration list for PBXProject "RandomNamePicker" */ = {
			isa = XCConfigurationList;
			buildConfigurations = (
				C794F418261784BB00EC3C94 /* Debug */,
				C794F419261784BB00EC3C94 /* Release */,
			);
			defaultConfigurationIsVisible = 0;
			defaultConfigurationName = Release;
		};
		C794F41A261784BB00EC3C94 /* Build configuration list for PBXNativeTarget "RandomNamePicker" */ = {
			isa = XCConfigurationList;
			buildConfigurations = (
				C794F41B261784BB00EC3C94 /* Debug */,
				C794F41C261784BB00EC3C94 /* Release */,
			);
			defaultConfigurationIsVisible = 0;
			defaultConfigurationName = Release;
		};
/* End XCConfigurationList section */
	};
	rootObject = C794F403261784BA00EC3C94 /* Project object */;
}
